
Microsoft Visual Studio Solution File, Format Version 12.00
# Visual Studio Version 17
VisualStudioVersion = 17.14.36414.22
MinimumVisualStudioVersion = 10.0.40219.1
Project("{FAE04EC0-301F-11D3-BF4B-00C04F79EFBC}") = "Imc.Console", "Imc.Console\Imc.Console.csproj", "{8ABA4C93-705E-494A-BBF5-B5BAE4C83FD4}"
EndProject
Project("{FAE04EC0-301F-11D3-BF4B-00C04F79EFBC}") = "Imc.Gui", "..\Imc.Gui\Imc.Gui.csproj", "{F1716668-039E-4C3C-B343-229555DA13F8}"
EndProject
Global
	GlobalSection(SolutionConfigurationPlatforms) = preSolution
		Debug|Any CPU = Debug|Any CPU
		Release|Any CPU = Release|Any CPU
	EndGlobalSection
	GlobalSection(ProjectConfigurationPlatforms) = postSolution
		{8ABA4C93-705E-494A-BBF5-B5BAE4C83FD4}.Debug|Any CPU.ActiveCfg = Debug|Any CPU
		{8ABA4C93-705E-494A-BBF5-B5BAE4C83FD4}.Debug|Any CPU.Build.0 = Debug|Any CPU
		{8ABA4C93-705E-494A-BBF5-B5BAE4C83FD4}.Release|Any CPU.ActiveCfg = Release|Any CPU
		{8ABA4C93-705E-494A-BBF5-B5BAE4C83FD4}.Release|Any CPU.Build.0 = Release|Any CPU
		{F1716668-039E-4C3C-B343-229555DA13F8}.Debug|Any CPU.ActiveCfg = Debug|Any CPU
		{F1716668-039E-4C3C-B343-229555DA13F8}.Debug|Any CPU.Build.0 = Debug|Any CPU
		{F1716668-039E-4C3C-B343-229555DA13F8}.Debug|Any CPU.Deploy.0 = Debug|Any CPU
		{F1716668-039E-4C3C-B343-229555DA13F8}.Release|Any CPU.ActiveCfg = Release|Any CPU
		{F1716668-039E-4C3C-B343-229555DA13F8}.Release|Any CPU.Build.0 = Release|Any CPU
		{F1716668-039E-4C3C-B343-229555DA13F8}.Release|Any CPU.Deploy.0 = Release|Any CPU
	EndGlobalSection
	GlobalSection(SolutionProperties) = preSolution
		HideSolutionNode = FALSE
	EndGlobalSection
	GlobalSection(ExtensibilityGlobals) = postSolution
		SolutionGuid = {EDFFCED8-031A-47A7-9DC5-2679DE72E9D0}
	EndGlobalSection
EndGlobal
